
Microsoft Visual Studio Solution File, Format Version 12.00
# Visual Studio Version 16
VisualStudioVersion = 16.0.34031.81
MinimumVisualStudioVersion = 10.0.40219.1
Project("{2150E333-8FDC-42A3-9474-1A3956D46DE8}") = "Task0", "Task0", "{53231BA9-DE38-48D7-8529-0B0179697895}"
EndProject
Project("{FAE04EC0-301F-11D3-BF4B-00C04F79EFBC}") = "Tyuiu.GaleevTS.Sprint0.Task0.V0", "Tyuiu.GaleevTS.Sprint0.Task0.V0\Tyuiu.GaleevTS.Sprint0.Task0.V0.csproj", "{4BBD26E9-3662-4187-BFE3-8F76C21FD522}"
EndProject
Project("{2150E333-8FDC-42A3-9474-1A3956D46DE8}") = "Task1", "Task1", "{D7CF8BFC-EB56-48B6-9AF0-4C0D89056583}"
EndProject
Project("{FAE04EC0-301F-11D3-BF4B-00C04F79EFBC}") = "Tyuiu.GaleevTS.Sprint0.Task1.V0", "Tyuiu.GaleevTS.Sprint0.Task1.V0\Tyuiu.GaleevTS.Sprint0.Task1.V0.csproj", "{1B8B7A39-5896-4BD9-B735-E2E78088A054}"
EndProject
Project("{2150E333-8FDC-42A3-9474-1A3956D46DE8}") = "Task2", "Task2", "{ED3818EE-BA9C-4C4A-B458-6A23087E6669}"
EndProject
Project("{FAE04EC0-301F-11D3-BF4B-00C04F79EFBC}") = "Tyuiu.GaleevTS.Sprint0.Task2.V0", "Tyuiu.GaleevTS.Sprint0.Task2.V0\Tyuiu.GaleevTS.Sprint0.Task2.V0.csproj", "{C213E266-290E-4A8F-957D-72FA68F7F1D0}"
EndProject
Project("{FAE04EC0-301F-11D3-BF4B-00C04F79EFBC}") = "Tyuiu.GaleevTS.Sprint0.Task2.V0.Lib", "Tyuiu.GaleevTS.Sprint0.Task2.V0.Lib\Tyuiu.GaleevTS.Sprint0.Task2.V0.Lib.csproj", "{FD4E0539-025C-4AED-886A-C469D36A2FEB}"
EndProject
Project("{FAE04EC0-301F-11D3-BF4B-00C04F79EFBC}") = "Tyuiu.GaleevTS.Sprint0.Task2.V0.Test", "Tyuiu.GaleevTS.Sprint0.Task2.V0.Test\Tyuiu.GaleevTS.Sprint0.Task2.V0.Test.csproj", "{C3274A12-B257-441B-B755-9AB6F13D24E6}"
EndProject
Project("{2150E333-8FDC-42A3-9474-1A3956D46DE8}") = "Task3", "Task3", "{EC2DC526-81F5-4235-A8C3-FCD4457F4DF7}"
EndProject
Project("{FAE04EC0-301F-11D3-BF4B-00C04F79EFBC}") = "Tyuiu.GaleevTS.Sprint0.Task3.V0", "Tyuiu.GaleevTS.Sprint0.Task3.V0\Tyuiu.GaleevTS.Sprint0.Task3.V0.csproj", "{4D56A932-A5FE-4370-96A6-9DF8239C3278}"
EndProject
Project("{FAE04EC0-301F-11D3-BF4B-00C04F79EFBC}") = "Tyuiu.GaleevTS.Sprint0.Task3.V0.Lib", "Tyuiu.GaleevTS.Sprint0.Task3.V0.Lib\Tyuiu.GaleevTS.Sprint0.Task3.V0.Lib.csproj", "{3E08A05E-E887-46F0-B76F-B190E8F4CEF0}"
EndProject
Project("{FAE04EC0-301F-11D3-BF4B-00C04F79EFBC}") = "Tyuiu.GaleevTS.Sprint0.Task3.V0.Test", "Tyuiu.GaleevTS.Sprint0.Task3.V0.Test\Tyuiu.GaleevTS.Sprint0.Task3.V0.Test.csproj", "{FB797CE1-8F9C-486E-A7C5-2B4EE3E1733B}"
EndProject
Project("{2150E333-8FDC-42A3-9474-1A3956D46DE8}") = "Task4", "Task4", "{06FB678A-D621-41F7-82BA-376D3FA1F964}"
EndProject
Project("{FAE04EC0-301F-11D3-BF4B-00C04F79EFBC}") = "Tyuiu.GaleevTS.Sprint0.Task4.V0", "Tyuiu.GaleevTS.Sprint0.Task4.V0\Tyuiu.GaleevTS.Sprint0.Task4.V0.csproj", "{41274D73-7084-4F13-AFFE-B8895246D3F1}"
EndProject
Project("{FAE04EC0-301F-11D3-BF4B-00C04F79EFBC}") = "Tyuiu.GaleevTS.Sprint0.Task4.V0.Lib", "Tyuiu.GaleevTS.Sprint0.Task4.V0.Lib\Tyuiu.GaleevTS.Sprint0.Task4.V0.Lib.csproj", "{3C42102D-54C4-470B-9203-50E8D00C1DC0}"
EndProject
Project("{FAE04EC0-301F-11D3-BF4B-00C04F79EFBC}") = "Tyuiu.GaleevTS.Sprint0.Task4.V0.Test", "Tyuiu.GaleevTS.Sprint0.Task4.V0.Test\Tyuiu.GaleevTS.Sprint0.Task4.V0.Test.csproj", "{5C248CDB-E9DB-4871-8078-E76E900D92A0}"
EndProject
Project("{2150E333-8FDC-42A3-9474-1A3956D46DE8}") = "Task5", "Task5", "{EE1DC68B-7AC8-4721-ACDB-E4BEEBB7C9BC}"
EndProject
Project("{FAE04EC0-301F-11D3-BF4B-00C04F79EFBC}") = "Tyuiu.GaleevTS.Sprint0.Task5.V0", "Tyuiu.GaleevTS.Sprint0.Task5.V0\Tyuiu.GaleevTS.Sprint0.Task5.V0.csproj", "{7D5E9428-942E-4376-85E3-140847CAC2B1}"
EndProject
Project("{FAE04EC0-301F-11D3-BF4B-00C04F79EFBC}") = "Tyuiu.GaleevTS.Sprint0.Task5.V0.Lib", "Tyuiu.GaleevTS.Sprint0.Task5.V0.Lib\Tyuiu.GaleevTS.Sprint0.Task5.V0.Lib.csproj", "{9C2DFD3D-E8B6-4A23-9AB2-1A7C0B01ED15}"
EndProject
Project("{FAE04EC0-301F-11D3-BF4B-00C04F79EFBC}") = "Tyuiu.GaleevTS.Sprint0.Task5.V0.Test", "Tyuiu.GaleevTS.Sprint0.Task5.V0.Test\Tyuiu.GaleevTS.Sprint0.Task5.V0.Test.csproj", "{7CA3D463-805D-4210-902F-22B0CC49CEBC}"
EndProject
Global
	GlobalSection(SolutionConfigurationPlatforms) = preSolution
		Debug|Any CPU = Debug|Any CPU
		Release|Any CPU = Release|Any CPU
	EndGlobalSection
	GlobalSection(ProjectConfigurationPlatforms) = postSolution
		{4BBD26E9-3662-4187-BFE3-8F76C21FD522}.Debug|Any CPU.ActiveCfg = Debug|Any CPU
		{4BBD26E9-3662-4187-BFE3-8F76C21FD522}.Debug|Any CPU.Build.0 = Debug|Any CPU
		{4BBD26E9-3662-4187-BFE3-8F76C21FD522}.Release|Any CPU.ActiveCfg = Release|Any CPU
		{4BBD26E9-3662-4187-BFE3-8F76C21FD522}.Release|Any CPU.Build.0 = Release|Any CPU
		{1B8B7A39-5896-4BD9-B735-E2E78088A054}.Debug|Any CPU.ActiveCfg = Debug|Any CPU
		{1B8B7A39-5896-4BD9-B735-E2E78088A054}.Debug|Any CPU.Build.0 = Debug|Any CPU
		{1B8B7A39-5896-4BD9-B735-E2E78088A054}.Release|Any CPU.ActiveCfg = Release|Any CPU
		{1B8B7A39-5896-4BD9-B735-E2E78088A054}.Release|Any CPU.Build.0 = Release|Any CPU
		{C213E266-290E-4A8F-957D-72FA68F7F1D0}.Debug|Any CPU.ActiveCfg = Debug|Any CPU
		{C213E266-290E-4A8F-957D-72FA68F7F1D0}.Debug|Any CPU.Build.0 = Debug|Any CPU
		{C213E266-290E-4A8F-957D-72FA68F7F1D0}.Release|Any CPU.ActiveCfg = Release|Any CPU
		{C213E266-290E-4A8F-957D-72FA68F7F1D0}.Release|Any CPU.Build.0 = Release|Any CPU
		{FD4E0539-025C-4AED-886A-C469D36A2FEB}.Debug|Any CPU.ActiveCfg = Debug|Any CPU
		{FD4E0539-025C-4AED-886A-C469D36A2FEB}.Debug|Any CPU.Build.0 = Debug|Any CPU
		{FD4E0539-025C-4AED-886A-C469D36A2FEB}.Release|Any CPU.ActiveCfg = Release|Any CPU
		{FD4E0539-025C-4AED-886A-C469D36A2FEB}.Release|Any CPU.Build.0 = Release|Any CPU
		{C3274A12-B257-441B-B755-9AB6F13D24E6}.Debug|Any CPU.ActiveCfg = Debug|Any CPU
		{C3274A12-B257-441B-B755-9AB6F13D24E6}.Debug|Any CPU.Build.0 = Debug|Any CPU
		{C3274A12-B257-441B-B755-9AB6F13D24E6}.Release|Any CPU.ActiveCfg = Release|Any CPU
		{C3274A12-B257-441B-B755-9AB6F13D24E6}.Release|Any CPU.Build.0 = Release|Any CPU
		{4D56A932-A5FE-4370-96A6-9DF8239C3278}.Debug|Any CPU.ActiveCfg = Debug|Any CPU
		{4D56A932-A5FE-4370-96A6-9DF8239C3278}.Debug|Any CPU.Build.0 = Debug|Any CPU
		{4D56A932-A5FE-4370-96A6-9DF8239C3278}.Release|Any CPU.ActiveCfg = Release|Any CPU
		{4D56A932-A5FE-4370-96A6-9DF8239C3278}.Release|Any CPU.Build.0 = Release|Any CPU
		{3E08A05E-E887-46F0-B76F-B190E8F4CEF0}.Debug|Any CPU.ActiveCfg = Debug|Any CPU
		{3E08A05E-E887-46F0-B76F-B190E8F4CEF0}.Debug|Any CPU.Build.0 = Debug|Any CPU
		{3E08A05E-E887-46F0-B76F-B190E8F4CEF0}.Release|Any CPU.ActiveCfg = Release|Any CPU
		{3E08A05E-E887-46F0-B76F-B190E8F4CEF0}.Release|Any CPU.Build.0 = Release|Any CPU
		{FB797CE1-8F9C-486E-A7C5-2B4EE3E1733B}.Debug|Any CPU.ActiveCfg = Debug|Any CPU
		{FB797CE1-8F9C-486E-A7C5-2B4EE3E1733B}.Debug|Any CPU.Build.0 = Debug|Any CPU
		{FB797CE1-8F9C-486E-A7C5-2B4EE3E1733B}.Release|Any CPU.ActiveCfg = Release|Any CPU
		{FB797CE1-8F9C-486E-A7C5-2B4EE3E1733B}.Release|Any CPU.Build.0 = Release|Any CPU
		{41274D73-7084-4F13-AFFE-B8895246D3F1}.Debug|Any CPU.ActiveCfg = Debug|Any CPU
		{41274D73-7084-4F13-AFFE-B8895246D3F1}.Debug|Any CPU.Build.0 = Debug|Any CPU
		{41274D73-7084-4F13-AFFE-B8895246D3F1}.Release|Any CPU.ActiveCfg = Release|Any CPU
		{41274D73-7084-4F13-AFFE-B8895246D3F1}.Release|Any CPU.Build.0 = Release|Any CPU
		{3C42102D-54C4-470B-9203-50E8D00C1DC0}.Debug|Any CPU.ActiveCfg = Debug|Any CPU
		{3C42102D-54C4-470B-9203-50E8D00C1DC0}.Debug|Any CPU.Build.0 = Debug|Any CPU
		{3C42102D-54C4-470B-9203-50E8D00C1DC0}.Release|Any CPU.ActiveCfg = Release|Any CPU
		{3C42102D-54C4-470B-9203-50E8D00C1DC0}.Release|Any CPU.Build.0 = Release|Any CPU
		{5C248CDB-E9DB-4871-8078-E76E900D92A0}.Debug|Any CPU.ActiveCfg = Debug|Any CPU
		{5C248CDB-E9DB-4871-8078-E76E900D92A0}.Debug|Any CPU.Build.0 = Debug|Any CPU
		{5C248CDB-E9DB-4871-8078-E76E900D92A0}.Release|Any CPU.ActiveCfg = Release|Any CPU
		{5C248CDB-E9DB-4871-8078-E76E900D92A0}.Release|Any CPU.Build.0 = Release|Any CPU
		{7D5E9428-942E-4376-85E3-140847CAC2B1}.Debug|Any CPU.ActiveCfg = Debug|Any CPU
		{7D5E9428-942E-4376-85E3-140847CAC2B1}.Debug|Any CPU.Build.0 = Debug|Any CPU
		{7D5E9428-942E-4376-85E3-140847CAC2B1}.Release|Any CPU.ActiveCfg = Release|Any CPU
		{7D5E9428-942E-4376-85E3-140847CAC2B1}.Release|Any CPU.Build.0 = Release|Any CPU
		{9C2DFD3D-E8B6-4A23-9AB2-1A7C0B01ED15}.Debug|Any CPU.ActiveCfg = Debug|Any CPU
		{9C2DFD3D-E8B6-4A23-9AB2-1A7C0B01ED15}.Debug|Any CPU.Build.0 = Debug|Any CPU
		{9C2DFD3D-E8B6-4A23-9AB2-1A7C0B01ED15}.Release|Any CPU.ActiveCfg = Release|Any CPU
		{9C2DFD3D-E8B6-4A23-9AB2-1A7C0B01ED15}.Release|Any CPU.Build.0 = Release|Any CPU
		{7CA3D463-805D-4210-902F-22B0CC49CEBC}.Debug|Any CPU.ActiveCfg = Debug|Any CPU
		{7CA3D463-805D-4210-902F-22B0CC49CEBC}.Debug|Any CPU.Build.0 = Debug|Any CPU
		{7CA3D463-805D-4210-902F-22B0CC49CEBC}.Release|Any CPU.ActiveCfg = Release|Any CPU
		{7CA3D463-805D-4210-902F-22B0CC49CEBC}.Release|Any CPU.Build.0 = Release|Any CPU
	EndGlobalSection
	GlobalSection(SolutionProperties) = preSolution
		HideSolutionNode = FALSE
	EndGlobalSection
	GlobalSection(NestedProjects) = preSolution
		{4BBD26E9-3662-4187-BFE3-8F76C21FD522} = {53231BA9-DE38-48D7-8529-0B0179697895}
		{1B8B7A39-5896-4BD9-B735-E2E78088A054} = {D7CF8BFC-EB56-48B6-9AF0-4C0D89056583}
		{C213E266-290E-4A8F-957D-72FA68F7F1D0} = {ED3818EE-BA9C-4C4A-B458-6A23087E6669}
		{FD4E0539-025C-4AED-886A-C469D36A2FEB} = {ED3818EE-BA9C-4C4A-B458-6A23087E6669}
		{C3274A12-B257-441B-B755-9AB6F13D24E6} = {ED3818EE-BA9C-4C4A-B458-6A23087E6669}
		{4D56A932-A5FE-4370-96A6-9DF8239C3278} = {EC2DC526-81F5-4235-A8C3-FCD4457F4DF7}
		{3E08A05E-E887-46F0-B76F-B190E8F4CEF0} = {EC2DC526-81F5-4235-A8C3-FCD4457F4DF7}
		{FB797CE1-8F9C-486E-A7C5-2B4EE3E1733B} = {EC2DC526-81F5-4235-A8C3-FCD4457F4DF7}
		{41274D73-7084-4F13-AFFE-B8895246D3F1} = {06FB678A-D621-41F7-82BA-376D3FA1F964}
		{3C42102D-54C4-470B-9203-50E8D00C1DC0} = {06FB678A-D621-41F7-82BA-376D3FA1F964}
		{5C248CDB-E9DB-4871-8078-E76E900D92A0} = {06FB678A-D621-41F7-82BA-376D3FA1F964}
		{7D5E9428-942E-4376-85E3-140847CAC2B1} = {EE1DC68B-7AC8-4721-ACDB-E4BEEBB7C9BC}
		{9C2DFD3D-E8B6-4A23-9AB2-1A7C0B01ED15} = {EE1DC68B-7AC8-4721-ACDB-E4BEEBB7C9BC}
		{7CA3D463-805D-4210-902F-22B0CC49CEBC} = {EE1DC68B-7AC8-4721-ACDB-E4BEEBB7C9BC}
	EndGlobalSection
	GlobalSection(ExtensibilityGlobals) = postSolution
		SolutionGuid = {BFDA3481-A3B2-44E9-99E7-96C6E769E91C}
	EndGlobalSection
EndGlobal
