
Microsoft Visual Studio Solution File, Format Version 12.00
# Visual Studio Version 16
VisualStudioVersion = 16.0.34031.81
MinimumVisualStudioVersion = 10.0.40219.1
Project("{2150E333-8FDC-42A3-9474-1A3956D46DE8}") = "Task0", "Task0", "{53231BA9-DE38-48D7-8529-0B0179697895}"
EndProject
Project("{FAE04EC0-301F-11D3-BF4B-00C04F79EFBC}") = "Tyuiu.GaleevTS.Sprint0.Task0.V0", "Tyuiu.GaleevTS.Sprint0.Task0.V0\Tyuiu.GaleevTS.Sprint0.Task0.V0.csproj", "{4BBD26E9-3662-4187-BFE3-8F76C21FD522}"
EndProject
Global
	GlobalSection(SolutionConfigurationPlatforms) = preSolution
		Debug|Any CPU = Debug|Any CPU
		Release|Any CPU = Release|Any CPU
	EndGlobalSection
	GlobalSection(ProjectConfigurationPlatforms) = postSolution
		{4BBD26E9-3662-4187-BFE3-8F76C21FD522}.Debug|Any CPU.ActiveCfg = Debug|Any CPU
		{4BBD26E9-3662-4187-BFE3-8F76C21FD522}.Debug|Any CPU.Build.0 = Debug|Any CPU
		{4BBD26E9-3662-4187-BFE3-8F76C21FD522}.Release|Any CPU.ActiveCfg = Release|Any CPU
		{4BBD26E9-3662-4187-BFE3-8F76C21FD522}.Release|Any CPU.Build.0 = Release|Any CPU
	EndGlobalSection
	GlobalSection(SolutionProperties) = preSolution
		HideSolutionNode = FALSE
	EndGlobalSection
	GlobalSection(NestedProjects) = preSolution
		{4BBD26E9-3662-4187-BFE3-8F76C21FD522} = {53231BA9-DE38-48D7-8529-0B0179697895}
	EndGlobalSection
	GlobalSection(ExtensibilityGlobals) = postSolution
		SolutionGuid = {BFDA3481-A3B2-44E9-99E7-96C6E769E91C}
	EndGlobalSection
EndGlobal
